// !$*UTF8*$!
{
	archiveVersion = 1;
	classes = {
	};
	objectVersion = 46;
	objects = {

/* Begin PBXBuildFile section */
		8ADE6E921BFF2A140056C47A /* main.m in Sources */ = {isa = PBXBuildFile; fileRef = 8ADE6E911BFF2A140056C47A /* main.m */; };
		8ADE6E951BFF2A140056C47A /* AppDelegate.m in Sources */ = {isa = PBXBuildFile; fileRef = 8ADE6E941BFF2A140056C47A /* AppDelegate.m */; };
		8ADE6E981BFF2A140056C47A /* MasterViewController.m in Sources */ = {isa = PBXBuildFile; fileRef = 8ADE6E971BFF2A140056C47A /* MasterViewController.m */; };
		8ADE6E9B1BFF2A140056C47A /* DetailViewController.m in Sources */ = {isa = PBXBuildFile; fileRef = 8ADE6E9A1BFF2A140056C47A /* DetailViewController.m */; };
		8ADE6E9E1BFF2A140056C47A /* Main.storyboard in Resources */ = {isa = PBXBuildFile; fileRef = 8ADE6E9C1BFF2A140056C47A /* Main.storyboard */; };
		8ADE6EA01BFF2A140056C47A /* Images.xcassets in Resources */ = {isa = PBXBuildFile; fileRef = 8ADE6E9F1BFF2A140056C47A /* Images.xcassets */; };
		8ADE6EA31BFF2A140056C47A /* LaunchScreen.xib in Resources */ = {isa = PBXBuildFile; fileRef = 8ADE6EA11BFF2A140056C47A /* LaunchScreen.xib */; };
		8ADE6EAF1BFF2A140056C47A /* klTests.m in Sources */ = {isa = PBXBuildFile; fileRef = 8ADE6EAE1BFF2A140056C47A /* klTests.m */; };
/* End PBXBuildFile section */

/* Begin PBXContainerItemProxy section */
		8ADE6EA91BFF2A140056C47A /* PBXContainerItemProxy */ = {
			isa = PBXContainerItemProxy;
			containerPortal = 8ADE6E841BFF2A140056C47A /* Project object */;
			proxyType = 1;
			remoteGlobalIDString = 8ADE6E8B1BFF2A140056C47A;
			remoteInfo = kl;
		};
/* End PBXContainerItemProxy section */

/* Begin PBXFileReference section */
		8ADE6E8C1BFF2A140056C47A /* kl.app */ = {isa = PBXFileReference; explicitFileType = wrapper.application; includeInIndex = 0; path = kl.app; sourceTree = BUILT_PRODUCTS_DIR; };
		8ADE6E901BFF2A140056C47A /* Info.plist */ = {isa = PBXFileReference; lastKnownFileType = text.plist.xml; path = Info.plist; sourceTree = "<group>"; };
		8ADE6E911BFF2A140056C47A /* main.m */ = {isa = PBXFileReference; lastKnownFileType = sourcecode.c.objc; path = main.m; sourceTree = "<group>"; };
		8ADE6E931BFF2A140056C47A /* AppDelegate.h */ = {isa = PBXFileReference; lastKnownFileType = sourcecode.c.h; path = AppDelegate.h; sourceTree = "<group>"; };
		8ADE6E941BFF2A140056C47A /* AppDelegate.m */ = {isa = PBXFileReference; lastKnownFileType = sourcecode.c.objc; path = AppDelegate.m; sourceTree = "<group>"; };
		8ADE6E961BFF2A140056C47A /* MasterViewController.h */ = {isa = PBXFileReference; lastKnownFileType = sourcecode.c.h; path = MasterViewController.h; sourceTree = "<group>"; };
		8ADE6E971BFF2A140056C47A /* MasterViewController.m */ = {isa = PBXFileReference; lastKnownFileType = sourcecode.c.objc; path = MasterViewController.m; sourceTree = "<group>"; };
		8ADE6E991BFF2A140056C47A /* DetailViewController.h */ = {isa = PBXFileReference; lastKnownFileType = sourcecode.c.h; path = DetailViewController.h; sourceTree = "<group>"; };
		8ADE6E9A1BFF2A140056C47A /* DetailViewController.m */ = {isa = PBXFileReference; lastKnownFileType = sourcecode.c.objc; path = DetailViewController.m; sourceTree = "<group>"; };
		8ADE6E9D1BFF2A140056C47A /* Base */ = {isa = PBXFileReference; lastKnownFileType = file.storyboard; name = Base; path = Base.lproj/Main.storyboard; sourceTree = "<group>"; };
		8ADE6E9F1BFF2A140056C47A /* Images.xcassets */ = {isa = PBXFileReference; lastKnownFileType = folder.assetcatalog; path = Images.xcassets; sourceTree = "<group>"; };
		8ADE6EA21BFF2A140056C47A /* Base */ = {isa = PBXFileReference; lastKnownFileType = file.xib; name = Base; path = Base.lproj/LaunchScreen.xib; sourceTree = "<group>"; };
		8ADE6EA81BFF2A140056C47A /* klTests.xctest */ = {isa = PBXFileReference; explicitFileType = wrapper.cfbundle; includeInIndex = 0; path = klTests.xctest; sourceTree = BUILT_PRODUCTS_DIR; };
		8ADE6EAD1BFF2A140056C47A /* Info.plist */ = {isa = PBXFileReference; lastKnownFileType = text.plist.xml; path = Info.plist; sourceTree = "<group>"; };
		8ADE6EAE1BFF2A140056C47A /* klTests.m */ = {isa = PBXFileReference; lastKnownFileType = sourcecode.c.objc; path = klTests.m; sourceTree = "<group>"; };
/* End PBXFileReference section */

/* Begin PBXFrameworksBuildPhase section */
		8ADE6E891BFF2A140056C47A /* Frameworks */ = {
			isa = PBXFrameworksBuildPhase;
			buildActionMask = 2147483647;
			files = (
			);
			runOnlyForDeploymentPostprocessing = 0;
		};
		8ADE6EA51BFF2A140056C47A /* Frameworks */ = {
			isa = PBXFrameworksBuildPhase;
			buildActionMask = 2147483647;
			files = (
			);
			runOnlyForDeploymentPostprocessing = 0;
		};
/* End PBXFrameworksBuildPhase section */

/* Begin PBXGroup section */
		8ADE6E831BFF2A140056C47A = {
			isa = PBXGroup;
			children = (
				8ADE6E8E1BFF2A140056C47A /* kl */,
				8ADE6EAB1BFF2A140056C47A /* klTests */,
				8ADE6E8D1BFF2A140056C47A /* Products */,
			);
			sourceTree = "<group>";
		};
		8ADE6E8D1BFF2A140056C47A /* Products */ = {
			isa = PBXGroup;
			children = (
				8ADE6E8C1BFF2A140056C47A /* kl.app */,
				8ADE6EA81BFF2A140056C47A /* klTests.xctest */,
			);
			name = Products;
			sourceTree = "<group>";
		};
		8ADE6E8E1BFF2A140056C47A /* kl */ = {
			isa = PBXGroup;
			children = (
				8ADE6E931BFF2A140056C47A /* AppDelegate.h */,
				8ADE6E941BFF2A140056C47A /* AppDelegate.m */,
				8ADE6E961BFF2A140056C47A /* MasterViewController.h */,
				8ADE6E971BFF2A140056C47A /* MasterViewController.m */,
				8ADE6E991BFF2A140056C47A /* DetailViewController.h */,
				8ADE6E9A1BFF2A140056C47A /* DetailViewController.m */,
				8ADE6E9C1BFF2A140056C47A /* Main.storyboard */,
				8ADE6E9F1BFF2A140056C47A /* Images.xcassets */,
				8ADE6EA11BFF2A140056C47A /* LaunchScreen.xib */,
				8ADE6E8F1BFF2A140056C47A /* Supporting Files */,
			);
			path = kl;
			sourceTree = "<group>";
		};
		8ADE6E8F1BFF2A140056C47A /* Supporting Files */ = {
			isa = PBXGroup;
			children = (
				8ADE6E901BFF2A140056C47A /* Info.plist */,
				8ADE6E911BFF2A140056C47A /* main.m */,
			);
			name = "Supporting Files";
			sourceTree = "<group>";
		};
		8ADE6EAB1BFF2A140056C47A /* klTests */ = {
			isa = PBXGroup;
			children = (
				8ADE6EAE1BFF2A140056C47A /* klTests.m */,
				8ADE6EAC1BFF2A140056C47A /* Supporting Files */,
			);
			path = klTests;
			sourceTree = "<group>";
		};
		8ADE6EAC1BFF2A140056C47A /* Supporting Files */ = {
			isa = PBXGroup;
			children = (
				8ADE6EAD1BFF2A140056C47A /* Info.plist */,
			);
			name = "Supporting Files";
			sourceTree = "<group>";
		};
/* End PBXGroup section */

/* Begin PBXNativeTarget section */
		8ADE6E8B1BFF2A140056C47A /* kl */ = {
			isa = PBXNativeTarget;
			buildConfigurationList = 8ADE6EB21BFF2A140056C47A /* Build configuration list for PBXNativeTarget "kl" */;
			buildPhases = (
				8ADE6E881BFF2A140056C47A /* Sources */,
				8ADE6E891BFF2A140056C47A /* Frameworks */,
				8ADE6E8A1BFF2A140056C47A /* Resources */,
			);
			buildRules = (
			);
			dependencies = (
			);
			name = kl;
			productName = kl;
			productReference = 8ADE6E8C1BFF2A140056C47A /* kl.app */;
			productType = "com.apple.product-type.application";
		};
		8ADE6EA71BFF2A140056C47A /* klTests */ = {
			isa = PBXNativeTarget;
			buildConfigurationList = 8ADE6EB51BFF2A140056C47A /* Build configuration list for PBXNativeTarget "klTests" */;
			buildPhases = (
				8ADE6EA41BFF2A140056C47A /* Sources */,
				8ADE6EA51BFF2A140056C47A /* Frameworks */,
				8ADE6EA61BFF2A140056C47A /* Resources */,
			);
			buildRules = (
			);
			dependencies = (
				8ADE6EAA1BFF2A140056C47A /* PBXTargetDependency */,
			);
			name = klTests;
			productName = klTests;
			productReference = 8ADE6EA81BFF2A140056C47A /* klTests.xctest */;
			productType = "com.apple.product-type.bundle.unit-test";
		};
/* End PBXNativeTarget section */

/* Begin PBXProject section */
		8ADE6E841BFF2A140056C47A /* Project object */ = {
			isa = PBXProject;
			attributes = {
				LastUpgradeCheck = 0600;
				ORGANIZATIONNAME = Alexey;
				TargetAttributes = {
					8ADE6E8B1BFF2A140056C47A = {
						CreatedOnToolsVersion = 6.0.1;
					};
					8ADE6EA71BFF2A140056C47A = {
						CreatedOnToolsVersion = 6.0.1;
						TestTargetID = 8ADE6E8B1BFF2A140056C47A;
					};
				};
			};
			buildConfigurationList = 8ADE6E871BFF2A140056C47A /* Build configuration list for PBXProject "kl" */;
			compatibilityVersion = "Xcode 3.2";
			developmentRegion = English;
			hasScannedForEncodings = 0;
			knownRegions = (
				en,
				Base,
			);
			mainGroup = 8ADE6E831BFF2A140056C47A;
			productRefGroup = 8ADE6E8D1BFF2A140056C47A /* Products */;
			projectDirPath = "";
			projectRoot = "";
			targets = (
				8ADE6E8B1BFF2A140056C47A /* kl */,
				8ADE6EA71BFF2A140056C47A /* klTests */,
			);
		};
/* End PBXProject section */

/* Begin PBXResourcesBuildPhase section */
		8ADE6E8A1BFF2A140056C47A /* Resources */ = {
			isa = PBXResourcesBuildPhase;
			buildActionMask = 2147483647;
			files = (
				8ADE6E9E1BFF2A140056C47A /* Main.storyboard in Resources */,
				8ADE6EA31BFF2A140056C47A /* LaunchScreen.xib in Resources */,
				8ADE6EA01BFF2A140056C47A /* Images.xcassets in Resources */,
			);
			runOnlyForDeploymentPostprocessing = 0;
		};
		8ADE6EA61BFF2A140056C47A /* Resources */ = {
			isa = PBXResourcesBuildPhase;
			buildActionMask = 2147483647;
			files = (
			);
			runOnlyForDeploymentPostprocessing = 0;
		};
/* End PBXResourcesBuildPhase section */

/* Begin PBXSourcesBuildPhase section */
		8ADE6E881BFF2A140056C47A /* Sources */ = {
			isa = PBXSourcesBuildPhase;
			buildActionMask = 2147483647;
			files = (
				8ADE6E951BFF2A140056C47A /* AppDelegate.m in Sources */,
				8ADE6E981BFF2A140056C47A /* MasterViewController.m in Sources */,
				8ADE6E921BFF2A140056C47A /* main.m in Sources */,
				8ADE6E9B1BFF2A140056C47A /* DetailViewController.m in Sources */,
			);
			runOnlyForDeploymentPostprocessing = 0;
		};
		8ADE6EA41BFF2A140056C47A /* Sources */ = {
			isa = PBXSourcesBuildPhase;
			buildActionMask = 2147483647;
			files = (
				8ADE6EAF1BFF2A140056C47A /* klTests.m in Sources */,
			);
			runOnlyForDeploymentPostprocessing = 0;
		};
/* End PBXSourcesBuildPhase section */

/* Begin PBXTargetDependency section */
		8ADE6EAA1BFF2A140056C47A /* PBXTargetDependency */ = {
			isa = PBXTargetDependency;
			target = 8ADE6E8B1BFF2A140056C47A /* kl */;
			targetProxy = 8ADE6EA91BFF2A140056C47A /* PBXContainerItemProxy */;
		};
/* End PBXTargetDependency section */

/* Begin PBXVariantGroup section */
		8ADE6E9C1BFF2A140056C47A /* Main.storyboard */ = {
			isa = PBXVariantGroup;
			children = (
				8ADE6E9D1BFF2A140056C47A /* Base */,
			);
			name = Main.storyboard;
			sourceTree = "<group>";
		};
		8ADE6EA11BFF2A140056C47A /* LaunchScreen.xib */ = {
			isa = PBXVariantGroup;
			children = (
				8ADE6EA21BFF2A140056C47A /* Base */,
			);
			name = LaunchScreen.xib;
			sourceTree = "<group>";
		};
/* End PBXVariantGroup section */

/* Begin XCBuildConfiguration section */
		8ADE6EB01BFF2A140056C47A /* Debug */ = {
			isa = XCBuildConfiguration;
			buildSettings = {
				ALWAYS_SEARCH_USER_PATHS = NO;
				CLANG_CXX_LANGUAGE_STANDARD = "gnu++0x";
				CLANG_CXX_LIBRARY = "libc++";
				CLANG_ENABLE_MODULES = YES;
				CLANG_ENABLE_OBJC_ARC = YES;
				CLANG_WARN_BOOL_CONVERSION = YES;
				CLANG_WARN_CONSTANT_CONVERSION = YES;
				CLANG_WARN_DIRECT_OBJC_ISA_USAGE = YES_ERROR;
				CLANG_WARN_EMPTY_BODY = YES;
				CLANG_WARN_ENUM_CONVERSION = YES;
				CLANG_WARN_INT_CONVERSION = YES;
				CLANG_WARN_OBJC_ROOT_CLASS = YES_ERROR;
				CLANG_WARN_UNREACHABLE_CODE = YES;
				CLANG_WARN__DUPLICATE_METHOD_MATCH = YES;
				"CODE_SIGN_IDENTITY[sdk=iphoneos*]" = "iPhone Developer";
				COPY_PHASE_STRIP = NO;
				ENABLE_STRICT_OBJC_MSGSEND = YES;
				GCC_C_LANGUAGE_STANDARD = gnu99;
				GCC_DYNAMIC_NO_PIC = NO;
				GCC_OPTIMIZATION_LEVEL = 0;
				GCC_PREPROCESSOR_DEFINITIONS = (
					"DEBUG=1",
					"$(inherited)",
				);
				GCC_SYMBOLS_PRIVATE_EXTERN = NO;
				GCC_WARN_64_TO_32_BIT_CONVERSION = YES;
				GCC_WARN_ABOUT_RETURN_TYPE = YES_ERROR;
				GCC_WARN_UNDECLARED_SELECTOR = YES;
				GCC_WARN_UNINITIALIZED_AUTOS = YES_AGGRESSIVE;
				GCC_WARN_UNUSED_FUNCTION = YES;
				GCC_WARN_UNUSED_VARIABLE = YES;
				IPHONEOS_DEPLOYMENT_TARGET = 8.0;
				MTL_ENABLE_DEBUG_INFO = YES;
				ONLY_ACTIVE_ARCH = YES;
				SDKROOT = iphoneos;
			};
			name = Debug;
		};
		8ADE6EB11BFF2A140056C47A /* Release */ = {
			isa = XCBuildConfiguration;
			buildSettings = {
				ALWAYS_SEARCH_USER_PATHS = NO;
				CLANG_CXX_LANGUAGE_STANDARD = "gnu++0x";
				CLANG_CXX_LIBRARY = "libc++";
				CLANG_ENABLE_MODULES = YES;
				CLANG_ENABLE_OBJC_ARC = YES;
				CLANG_WARN_BOOL_CONVERSION = YES;
				CLANG_WARN_CONSTANT_CONVERSION = YES;
				CLANG_WARN_DIRECT_OBJC_ISA_USAGE = YES_ERROR;
				CLANG_WARN_EMPTY_BODY = YES;
				CLANG_WARN_ENUM_CONVERSION = YES;
				CLANG_WARN_INT_CONVERSION = YES;
				CLANG_WARN_OBJC_ROOT_CLASS = YES_ERROR;
				CLANG_WARN_UNREACHABLE_CODE = YES;
				CLANG_WARN__DUPLICATE_METHOD_MATCH = YES;
				"CODE_SIGN_IDENTITY[sdk=iphoneos*]" = "iPhone Developer";
				COPY_PHASE_STRIP = YES;
				ENABLE_NS_ASSERTIONS = NO;
				ENABLE_STRICT_OBJC_MSGSEND = YES;
				GCC_C_LANGUAGE_STANDARD = gnu99;
				GCC_WARN_64_TO_32_BIT_CONVERSION = YES;
				GCC_WARN_ABOUT_RETURN_TYPE = YES_ERROR;
				GCC_WARN_UNDECLARED_SELECTOR = YES;
				GCC_WARN_UNINITIALIZED_AUTOS = YES_AGGRESSIVE;
				GCC_WARN_UNUSED_FUNCTION = YES;
				GCC_WARN_UNUSED_VARIABLE = YES;
				IPHONEOS_DEPLOYMENT_TARGET = 8.0;
				MTL_ENABLE_DEBUG_INFO = NO;
				SDKROOT = iphoneos;
				VALIDATE_PRODUCT = YES;
			};
			name = Release;
		};
		8ADE6EB31BFF2A140056C47A /* Debug */ = {
			isa = XCBuildConfiguration;
			buildSettings = {
				ASSETCATALOG_COMPILER_APPICON_NAME = AppIcon;
				INFOPLIST_FILE = kl/Info.plist;
				LD_RUNPATH_SEARCH_PATHS = "$(inherited) @executable_path/Frameworks";
				PRODUCT_NAME = "$(TARGET_NAME)";
			};
			name = Debug;
		};
		8ADE6EB41BFF2A140056C47A /* Release */ = {
			isa = XCBuildConfiguration;
			buildSettings = {
				ASSETCATALOG_COMPILER_APPICON_NAME = AppIcon;
				INFOPLIST_FILE = kl/Info.plist;
				LD_RUNPATH_SEARCH_PATHS = "$(inherited) @executable_path/Frameworks";
				PRODUCT_NAME = "$(TARGET_NAME)";
			};
			name = Release;
		};
		8ADE6EB61BFF2A140056C47A /* Debug */ = {
			isa = XCBuildConfiguration;
			buildSettings = {
				BUNDLE_LOADER = "$(TEST_HOST)";
				FRAMEWORK_SEARCH_PATHS = (
					"$(SDKROOT)/Developer/Library/Frameworks",
					"$(inherited)",
				);
				GCC_PREPROCESSOR_DEFINITIONS = (
					"DEBUG=1",
					"$(inherited)",
				);
				INFOPLIST_FILE = klTests/Info.plist;
				LD_RUNPATH_SEARCH_PATHS = "$(inherited) @executable_path/Frameworks @loader_path/Frameworks";
				PRODUCT_NAME = "$(TARGET_NAME)";
				TEST_HOST = "$(BUILT_PRODUCTS_DIR)/kl.app/kl";
			};
			name = Debug;
		};
		8ADE6EB71BFF2A140056C47A /* Release */ = {
			isa = XCBuildConfiguration;
			buildSettings = {
				BUNDLE_LOADER = "$(TEST_HOST)";
				FRAMEWORK_SEARCH_PATHS = (
					"$(SDKROOT)/Developer/Library/Frameworks",
					"$(inherited)",
				);
				INFOPLIST_FILE = klTests/Info.plist;
				LD_RUNPATH_SEARCH_PATHS = "$(inherited) @executable_path/Frameworks @loader_path/Frameworks";
				PRODUCT_NAME = "$(TARGET_NAME)";
				TEST_HOST = "$(BUILT_PRODUCTS_DIR)/kl.app/kl";
			};
			name = Release;
		};
/* End XCBuildConfiguration section */

/* Begin XCConfigurationList section */
		8ADE6E871BFF2A140056C47A /* Build configuration list for PBXProject "kl" */ = {
			isa = XCConfigurationList;
			buildConfigurations = (
				8ADE6EB01BFF2A140056C47A /* Debug */,
				8ADE6EB11BFF2A140056C47A /* Release */,
			);
			defaultConfigurationIsVisible = 0;
			defaultConfigurationName = Release;
		};
		8ADE6EB21BFF2A140056C47A /* Build configuration list for PBXNativeTarget "kl" */ = {
			isa = XCConfigurationList;
			buildConfigurations = (
				8ADE6EB31BFF2A140056C47A /* Debug */,
				8ADE6EB41BFF2A140056C47A /* Release */,
			);
			defaultConfigurationIsVisible = 0;
		};
		8ADE6EB51BFF2A140056C47A /* Build configuration list for PBXNativeTarget "klTests" */ = {
			isa = XCConfigurationList;
			buildConfigurations = (
				8ADE6EB61BFF2A140056C47A /* Debug */,
				8ADE6EB71BFF2A140056C47A /* Release */,
			);
			defaultConfigurationIsVisible = 0;
		};
/* End XCConfigurationList section */
	};
	rootObject = 8ADE6E841BFF2A140056C47A /* Project object */;
}
