// !$*UTF8*$!
{
	archiveVersion = 1;
	classes = {
	};
	objectVersion = 46;
	objects = {

/* Begin PBXBuildFile section */
		8A1E611C1BF4E71C00ABD360 /* main.m in Sources */ = {isa = PBXBuildFile; fileRef = 8A1E611B1BF4E71C00ABD360 /* main.m */; };
		8A1E61241BF4E8F500ABD360 /* SATips.m in Sources */ = {isa = PBXBuildFile; fileRef = 8A1E61231BF4E8F500ABD360 /* SATips.m */; };
		8A1E61291BF566F300ABD360 /* Tips.plist in Resources */ = {isa = PBXBuildFile; fileRef = 8A1E61251BF4F3FE00ABD360 /* Tips.plist */; };
		8A1E612A1BF5678F00ABD360 /* main.m in Resources */ = {isa = PBXBuildFile; fileRef = 8A1E611B1BF4E71C00ABD360 /* main.m */; };
/* End PBXBuildFile section */

/* Begin PBXCopyFilesBuildPhase section */
		8A1E61161BF4E71C00ABD360 /* CopyFiles */ = {
			isa = PBXCopyFilesBuildPhase;
			buildActionMask = 2147483647;
			dstPath = usr/share/man/man1;
			dstSubfolderSpec = 16;
			files = (
			);
			runOnlyForDeploymentPostprocessing = 1;
		};
/* End PBXCopyFilesBuildPhase section */

/* Begin PBXFileReference section */
		8A1E61181BF4E71C00ABD360 /* L5M1 */ = {isa = PBXFileReference; explicitFileType = "compiled.mach-o.executable"; includeInIndex = 0; path = L5M1; sourceTree = BUILT_PRODUCTS_DIR; };
		8A1E611B1BF4E71C00ABD360 /* main.m */ = {isa = PBXFileReference; lastKnownFileType = sourcecode.c.objc; path = main.m; sourceTree = "<group>"; };
		8A1E61221BF4E8F500ABD360 /* SATips.h */ = {isa = PBXFileReference; fileEncoding = 4; lastKnownFileType = sourcecode.c.h; path = SATips.h; sourceTree = "<group>"; };
		8A1E61231BF4E8F500ABD360 /* SATips.m */ = {isa = PBXFileReference; fileEncoding = 4; lastKnownFileType = sourcecode.c.objc; path = SATips.m; sourceTree = "<group>"; };
		8A1E61251BF4F3FE00ABD360 /* Tips.plist */ = {isa = PBXFileReference; fileEncoding = 4; lastKnownFileType = text.plist.xml; path = Tips.plist; sourceTree = "<group>"; };
/* End PBXFileReference section */

/* Begin PBXFrameworksBuildPhase section */
		8A1E61151BF4E71C00ABD360 /* Frameworks */ = {
			isa = PBXFrameworksBuildPhase;
			buildActionMask = 2147483647;
			files = (
			);
			runOnlyForDeploymentPostprocessing = 0;
		};
/* End PBXFrameworksBuildPhase section */

/* Begin PBXGroup section */
		8A1E610F1BF4E71C00ABD360 = {
			isa = PBXGroup;
			children = (
				8A1E611A1BF4E71C00ABD360 /* L5M1 */,
				8A1E61191BF4E71C00ABD360 /* Products */,
			);
			sourceTree = "<group>";
		};
		8A1E61191BF4E71C00ABD360 /* Products */ = {
			isa = PBXGroup;
			children = (
				8A1E61181BF4E71C00ABD360 /* L5M1 */,
			);
			name = Products;
			sourceTree = "<group>";
		};
		8A1E611A1BF4E71C00ABD360 /* L5M1 */ = {
			isa = PBXGroup;
			children = (
				8A1E611B1BF4E71C00ABD360 /* main.m */,
				8A1E61221BF4E8F500ABD360 /* SATips.h */,
				8A1E61231BF4E8F500ABD360 /* SATips.m */,
				8A1E61251BF4F3FE00ABD360 /* Tips.plist */,
			);
			path = L5M1;
			sourceTree = "<group>";
		};
/* End PBXGroup section */

/* Begin PBXNativeTarget section */
		8A1E61171BF4E71C00ABD360 /* L5M1 */ = {
			isa = PBXNativeTarget;
			buildConfigurationList = 8A1E611F1BF4E71C00ABD360 /* Build configuration list for PBXNativeTarget "L5M1" */;
			buildPhases = (
				8A1E61141BF4E71C00ABD360 /* Sources */,
				8A1E61151BF4E71C00ABD360 /* Frameworks */,
				8A1E61161BF4E71C00ABD360 /* CopyFiles */,
				8A1E61281BF566DE00ABD360 /* Resources */,
			);
			buildRules = (
			);
			dependencies = (
			);
			name = L5M1;
			productName = L5M1;
			productReference = 8A1E61181BF4E71C00ABD360 /* L5M1 */;
			productType = "com.apple.product-type.tool";
		};
/* End PBXNativeTarget section */

/* Begin PBXProject section */
		8A1E61101BF4E71C00ABD360 /* Project object */ = {
			isa = PBXProject;
			attributes = {
				LastUpgradeCheck = 0600;
				ORGANIZATIONNAME = Alexey;
				TargetAttributes = {
					8A1E61171BF4E71C00ABD360 = {
						CreatedOnToolsVersion = 6.0.1;
					};
				};
			};
			buildConfigurationList = 8A1E61131BF4E71C00ABD360 /* Build configuration list for PBXProject "L5M1" */;
			compatibilityVersion = "Xcode 3.2";
			developmentRegion = English;
			hasScannedForEncodings = 0;
			knownRegions = (
				en,
			);
			mainGroup = 8A1E610F1BF4E71C00ABD360;
			productRefGroup = 8A1E61191BF4E71C00ABD360 /* Products */;
			projectDirPath = "";
			projectRoot = "";
			targets = (
				8A1E61171BF4E71C00ABD360 /* L5M1 */,
			);
		};
/* End PBXProject section */

/* Begin PBXResourcesBuildPhase section */
		8A1E61281BF566DE00ABD360 /* Resources */ = {
			isa = PBXResourcesBuildPhase;
			buildActionMask = 2147483647;
			files = (
				8A1E612A1BF5678F00ABD360 /* main.m in Resources */,
				8A1E61291BF566F300ABD360 /* Tips.plist in Resources */,
			);
			runOnlyForDeploymentPostprocessing = 0;
		};
/* End PBXResourcesBuildPhase section */

/* Begin PBXSourcesBuildPhase section */
		8A1E61141BF4E71C00ABD360 /* Sources */ = {
			isa = PBXSourcesBuildPhase;
			buildActionMask = 2147483647;
			files = (
				8A1E611C1BF4E71C00ABD360 /* main.m in Sources */,
				8A1E61241BF4E8F500ABD360 /* SATips.m in Sources */,
			);
			runOnlyForDeploymentPostprocessing = 0;
		};
/* End PBXSourcesBuildPhase section */

/* Begin XCBuildConfiguration section */
		8A1E611D1BF4E71C00ABD360 /* Debug */ = {
			isa = XCBuildConfiguration;
			buildSettings = {
				ALWAYS_SEARCH_USER_PATHS = NO;
				CLANG_CXX_LANGUAGE_STANDARD = "gnu++0x";
				CLANG_CXX_LIBRARY = "libc++";
				CLANG_ENABLE_MODULES = YES;
				CLANG_ENABLE_OBJC_ARC = YES;
				CLANG_WARN_BOOL_CONVERSION = YES;
				CLANG_WARN_CONSTANT_CONVERSION = YES;
				CLANG_WARN_DIRECT_OBJC_ISA_USAGE = YES_ERROR;
				CLANG_WARN_EMPTY_BODY = YES;
				CLANG_WARN_ENUM_CONVERSION = YES;
				CLANG_WARN_INT_CONVERSION = YES;
				CLANG_WARN_OBJC_ROOT_CLASS = YES_ERROR;
				CLANG_WARN_UNREACHABLE_CODE = YES;
				CLANG_WARN__DUPLICATE_METHOD_MATCH = YES;
				COPY_PHASE_STRIP = NO;
				ENABLE_STRICT_OBJC_MSGSEND = YES;
				GCC_C_LANGUAGE_STANDARD = gnu99;
				GCC_DYNAMIC_NO_PIC = NO;
				GCC_OPTIMIZATION_LEVEL = 0;
				GCC_PREPROCESSOR_DEFINITIONS = (
					"DEBUG=1",
					"$(inherited)",
				);
				GCC_SYMBOLS_PRIVATE_EXTERN = NO;
				GCC_WARN_64_TO_32_BIT_CONVERSION = YES;
				GCC_WARN_ABOUT_RETURN_TYPE = YES_ERROR;
				GCC_WARN_UNDECLARED_SELECTOR = YES;
				GCC_WARN_UNINITIALIZED_AUTOS = YES_AGGRESSIVE;
				GCC_WARN_UNUSED_FUNCTION = YES;
				GCC_WARN_UNUSED_VARIABLE = YES;
				MACOSX_DEPLOYMENT_TARGET = 10.10;
				MTL_ENABLE_DEBUG_INFO = YES;
				ONLY_ACTIVE_ARCH = YES;
				SDKROOT = macosx;
			};
			name = Debug;
		};
		8A1E611E1BF4E71C00ABD360 /* Release */ = {
			isa = XCBuildConfiguration;
			buildSettings = {
				ALWAYS_SEARCH_USER_PATHS = NO;
				CLANG_CXX_LANGUAGE_STANDARD = "gnu++0x";
				CLANG_CXX_LIBRARY = "libc++";
				CLANG_ENABLE_MODULES = YES;
				CLANG_ENABLE_OBJC_ARC = YES;
				CLANG_WARN_BOOL_CONVERSION = YES;
				CLANG_WARN_CONSTANT_CONVERSION = YES;
				CLANG_WARN_DIRECT_OBJC_ISA_USAGE = YES_ERROR;
				CLANG_WARN_EMPTY_BODY = YES;
				CLANG_WARN_ENUM_CONVERSION = YES;
				CLANG_WARN_INT_CONVERSION = YES;
				CLANG_WARN_OBJC_ROOT_CLASS = YES_ERROR;
				CLANG_WARN_UNREACHABLE_CODE = YES;
				CLANG_WARN__DUPLICATE_METHOD_MATCH = YES;
				COPY_PHASE_STRIP = YES;
				DEBUG_INFORMATION_FORMAT = "dwarf-with-dsym";
				ENABLE_NS_ASSERTIONS = NO;
				ENABLE_STRICT_OBJC_MSGSEND = YES;
				GCC_C_LANGUAGE_STANDARD = gnu99;
				GCC_WARN_64_TO_32_BIT_CONVERSION = YES;
				GCC_WARN_ABOUT_RETURN_TYPE = YES_ERROR;
				GCC_WARN_UNDECLARED_SELECTOR = YES;
				GCC_WARN_UNINITIALIZED_AUTOS = YES_AGGRESSIVE;
				GCC_WARN_UNUSED_FUNCTION = YES;
				GCC_WARN_UNUSED_VARIABLE = YES;
				MACOSX_DEPLOYMENT_TARGET = 10.10;
				MTL_ENABLE_DEBUG_INFO = NO;
				SDKROOT = macosx;
			};
			name = Release;
		};
		8A1E61201BF4E71C00ABD360 /* Debug */ = {
			isa = XCBuildConfiguration;
			buildSettings = {
				PRODUCT_NAME = "$(TARGET_NAME)";
			};
			name = Debug;
		};
		8A1E61211BF4E71C00ABD360 /* Release */ = {
			isa = XCBuildConfiguration;
			buildSettings = {
				PRODUCT_NAME = "$(TARGET_NAME)";
			};
			name = Release;
		};
/* End XCBuildConfiguration section */

/* Begin XCConfigurationList section */
		8A1E61131BF4E71C00ABD360 /* Build configuration list for PBXProject "L5M1" */ = {
			isa = XCConfigurationList;
			buildConfigurations = (
				8A1E611D1BF4E71C00ABD360 /* Debug */,
				8A1E611E1BF4E71C00ABD360 /* Release */,
			);
			defaultConfigurationIsVisible = 0;
			defaultConfigurationName = Release;
		};
		8A1E611F1BF4E71C00ABD360 /* Build configuration list for PBXNativeTarget "L5M1" */ = {
			isa = XCConfigurationList;
			buildConfigurations = (
				8A1E61201BF4E71C00ABD360 /* Debug */,
				8A1E61211BF4E71C00ABD360 /* Release */,
			);
			defaultConfigurationIsVisible = 0;
			defaultConfigurationName = Release;
		};
/* End XCConfigurationList section */
	};
	rootObject = 8A1E61101BF4E71C00ABD360 /* Project object */;
}
